
Microsoft Visual Studio Solution File, Format Version 12.00
# Visual Studio 2012
Project("{FAE04EC0-301F-11D3-BF4B-00C04F79EFBC}") = "HamiltonianCycle", "HamiltonianCycle\HamiltonianCycle.csproj", "{C2916B41-DCD9-4FEF-8058-CF38D0F4630D}"
EndProject
Project("{FAE04EC0-301F-11D3-BF4B-00C04F79EFBC}") = "TravellingSalesmanProblem", "TravellingSalesmanProblem\TravellingSalesmanProblem.csproj", "{2A6FF5EE-F9EF-4E7B-86DB-9A3AE1C0763E}"
EndProject
Global
	GlobalSection(SolutionConfigurationPlatforms) = preSolution
		Debug|Any CPU = Debug|Any CPU
		Release|Any CPU = Release|Any CPU
	EndGlobalSection
	GlobalSection(ProjectConfigurationPlatforms) = postSolution
		{C2916B41-DCD9-4FEF-8058-CF38D0F4630D}.Debug|Any CPU.ActiveCfg = Debug|Any CPU
		{C2916B41-DCD9-4FEF-8058-CF38D0F4630D}.Debug|Any CPU.Build.0 = Debug|Any CPU
		{C2916B41-DCD9-4FEF-8058-CF38D0F4630D}.Release|Any CPU.ActiveCfg = Release|Any CPU
		{C2916B41-DCD9-4FEF-8058-CF38D0F4630D}.Release|Any CPU.Build.0 = Release|Any CPU
		{2A6FF5EE-F9EF-4E7B-86DB-9A3AE1C0763E}.Debug|Any CPU.ActiveCfg = Debug|Any CPU
		{2A6FF5EE-F9EF-4E7B-86DB-9A3AE1C0763E}.Debug|Any CPU.Build.0 = Debug|Any CPU
		{2A6FF5EE-F9EF-4E7B-86DB-9A3AE1C0763E}.Release|Any CPU.ActiveCfg = Release|Any CPU
		{2A6FF5EE-F9EF-4E7B-86DB-9A3AE1C0763E}.Release|Any CPU.Build.0 = Release|Any CPU
	EndGlobalSection
	GlobalSection(SolutionProperties) = preSolution
		HideSolutionNode = FALSE
	EndGlobalSection
EndGlobal
