
Microsoft Visual Studio Solution File, Format Version 12.00
# Visual Studio 2013
VisualStudioVersion = 12.0.21005.1
MinimumVisualStudioVersion = 10.0.40219.1
Project("{FAE04EC0-301F-11D3-BF4B-00C04F79EFBC}") = "01-02.ChaoticParticle", "01-02.ChaoticParticle\01-02.ChaoticParticle.csproj", "{D45EC0C9-273C-472C-8770-625B39586C9C}"
EndProject
Project("{FAE04EC0-301F-11D3-BF4B-00C04F79EFBC}") = "05-06.RepellerParticle", "05-06.RepellerParticle\05-06.RepellerParticle.csproj", "{1DF6B9D0-DCC4-4E9F-BF28-3ED7BF094580}"
EndProject
Project("{FAE04EC0-301F-11D3-BF4B-00C04F79EFBC}") = "03-04.ChickenParticle", "03-04.ChickenParticle\03-04.ChickenParticle.csproj", "{E16A9089-4A57-4EBD-9F6C-BA241107ADD0}"
EndProject
Project("{FAE04EC0-301F-11D3-BF4B-00C04F79EFBC}") = "ParticleSystem.Common", "ParticleSystem.Common\ParticleSystem.Common.csproj", "{6A6D48D2-98F8-4288-BC8B-4647141C015D}"
EndProject
Global
	GlobalSection(SolutionConfigurationPlatforms) = preSolution
		Debug|Any CPU = Debug|Any CPU
		Release|Any CPU = Release|Any CPU
	EndGlobalSection
	GlobalSection(ProjectConfigurationPlatforms) = postSolution
		{D45EC0C9-273C-472C-8770-625B39586C9C}.Debug|Any CPU.ActiveCfg = Debug|Any CPU
		{D45EC0C9-273C-472C-8770-625B39586C9C}.Debug|Any CPU.Build.0 = Debug|Any CPU
		{D45EC0C9-273C-472C-8770-625B39586C9C}.Release|Any CPU.ActiveCfg = Release|Any CPU
		{D45EC0C9-273C-472C-8770-625B39586C9C}.Release|Any CPU.Build.0 = Release|Any CPU
		{1DF6B9D0-DCC4-4E9F-BF28-3ED7BF094580}.Debug|Any CPU.ActiveCfg = Debug|Any CPU
		{1DF6B9D0-DCC4-4E9F-BF28-3ED7BF094580}.Debug|Any CPU.Build.0 = Debug|Any CPU
		{1DF6B9D0-DCC4-4E9F-BF28-3ED7BF094580}.Release|Any CPU.ActiveCfg = Release|Any CPU
		{1DF6B9D0-DCC4-4E9F-BF28-3ED7BF094580}.Release|Any CPU.Build.0 = Release|Any CPU
		{E16A9089-4A57-4EBD-9F6C-BA241107ADD0}.Debug|Any CPU.ActiveCfg = Debug|Any CPU
		{E16A9089-4A57-4EBD-9F6C-BA241107ADD0}.Debug|Any CPU.Build.0 = Debug|Any CPU
		{E16A9089-4A57-4EBD-9F6C-BA241107ADD0}.Release|Any CPU.ActiveCfg = Release|Any CPU
		{E16A9089-4A57-4EBD-9F6C-BA241107ADD0}.Release|Any CPU.Build.0 = Release|Any CPU
		{6A6D48D2-98F8-4288-BC8B-4647141C015D}.Debug|Any CPU.ActiveCfg = Debug|Any CPU
		{6A6D48D2-98F8-4288-BC8B-4647141C015D}.Debug|Any CPU.Build.0 = Debug|Any CPU
		{6A6D48D2-98F8-4288-BC8B-4647141C015D}.Release|Any CPU.ActiveCfg = Release|Any CPU
		{6A6D48D2-98F8-4288-BC8B-4647141C015D}.Release|Any CPU.Build.0 = Release|Any CPU
	EndGlobalSection
	GlobalSection(SolutionProperties) = preSolution
		HideSolutionNode = FALSE
	EndGlobalSection
EndGlobal
