
Microsoft Visual Studio Solution File, Format Version 12.00
# Visual Studio 2013
VisualStudioVersion = 12.0.21005.1
MinimumVisualStudioVersion = 10.0.40219.1
Project("{FAE04EC0-301F-11D3-BF4B-00C04F79EFBC}") = "01.StringBuilderExtensions", "01.StringBuilderExtensions\01.StringBuilderExtensions.csproj", "{24E0E8B0-3571-40B5-B059-5E348F7D4239}"
EndProject
Project("{FAE04EC0-301F-11D3-BF4B-00C04F79EFBC}") = "02.IEnumerableExtensions", "02.IEnumerableExtension\02.IEnumerableExtensions.csproj", "{C9A23CA8-D890-4584-AC0A-C7FCC55BDA62}"
EndProject
Project("{FAE04EC0-301F-11D3-BF4B-00C04F79EFBC}") = "03.StudentsNames", "03.StudentsLINQ\03.StudentsNames.csproj", "{2324BE9F-D5D6-460A-88FA-723073EB3DC5}"
EndProject
Project("{FAE04EC0-301F-11D3-BF4B-00C04F79EFBC}") = "04.StudentsAge", "04.StudentsAge\04.StudentsAge.csproj", "{6FCF91C7-8E96-4079-9248-A48A90A06EC9}"
EndProject
Project("{FAE04EC0-301F-11D3-BF4B-00C04F79EFBC}") = "05.StudentsOrderBy", "05.StudentsOrderBy\05.StudentsOrderBy.csproj", "{02493161-3A50-4755-BBA0-C94D1C267A16}"
EndProject
Project("{FAE04EC0-301F-11D3-BF4B-00C04F79EFBC}") = "06.DivisibleBySevenAndThree", "06.DivisibleBySevenAndThree\06.DivisibleBySevenAndThree.csproj", "{5C5F000B-B92E-4F44-BEEA-588B648A271E}"
EndProject
Project("{FAE04EC0-301F-11D3-BF4B-00C04F79EFBC}") = "07.CustomTimer", "07.Timer\07.CustomTimer.csproj", "{CD859314-3756-40E2-9182-3365736DFDA3}"
EndProject
Project("{FAE04EC0-301F-11D3-BF4B-00C04F79EFBC}") = "08.SystemTimer", "08.SystemTimer\08.SystemTimer.csproj", "{49AAD2E6-14B6-4B41-B6D2-45CB27D52BCF}"
EndProject
Global
	GlobalSection(SolutionConfigurationPlatforms) = preSolution
		Debug|Any CPU = Debug|Any CPU
		Release|Any CPU = Release|Any CPU
	EndGlobalSection
	GlobalSection(ProjectConfigurationPlatforms) = postSolution
		{24E0E8B0-3571-40B5-B059-5E348F7D4239}.Debug|Any CPU.ActiveCfg = Debug|Any CPU
		{24E0E8B0-3571-40B5-B059-5E348F7D4239}.Debug|Any CPU.Build.0 = Debug|Any CPU
		{24E0E8B0-3571-40B5-B059-5E348F7D4239}.Release|Any CPU.ActiveCfg = Release|Any CPU
		{24E0E8B0-3571-40B5-B059-5E348F7D4239}.Release|Any CPU.Build.0 = Release|Any CPU
		{C9A23CA8-D890-4584-AC0A-C7FCC55BDA62}.Debug|Any CPU.ActiveCfg = Debug|Any CPU
		{C9A23CA8-D890-4584-AC0A-C7FCC55BDA62}.Debug|Any CPU.Build.0 = Debug|Any CPU
		{C9A23CA8-D890-4584-AC0A-C7FCC55BDA62}.Release|Any CPU.ActiveCfg = Release|Any CPU
		{C9A23CA8-D890-4584-AC0A-C7FCC55BDA62}.Release|Any CPU.Build.0 = Release|Any CPU
		{2324BE9F-D5D6-460A-88FA-723073EB3DC5}.Debug|Any CPU.ActiveCfg = Debug|Any CPU
		{2324BE9F-D5D6-460A-88FA-723073EB3DC5}.Debug|Any CPU.Build.0 = Debug|Any CPU
		{2324BE9F-D5D6-460A-88FA-723073EB3DC5}.Release|Any CPU.ActiveCfg = Release|Any CPU
		{2324BE9F-D5D6-460A-88FA-723073EB3DC5}.Release|Any CPU.Build.0 = Release|Any CPU
		{6FCF91C7-8E96-4079-9248-A48A90A06EC9}.Debug|Any CPU.ActiveCfg = Debug|Any CPU
		{6FCF91C7-8E96-4079-9248-A48A90A06EC9}.Debug|Any CPU.Build.0 = Debug|Any CPU
		{6FCF91C7-8E96-4079-9248-A48A90A06EC9}.Release|Any CPU.ActiveCfg = Release|Any CPU
		{6FCF91C7-8E96-4079-9248-A48A90A06EC9}.Release|Any CPU.Build.0 = Release|Any CPU
		{02493161-3A50-4755-BBA0-C94D1C267A16}.Debug|Any CPU.ActiveCfg = Debug|Any CPU
		{02493161-3A50-4755-BBA0-C94D1C267A16}.Debug|Any CPU.Build.0 = Debug|Any CPU
		{02493161-3A50-4755-BBA0-C94D1C267A16}.Release|Any CPU.ActiveCfg = Release|Any CPU
		{02493161-3A50-4755-BBA0-C94D1C267A16}.Release|Any CPU.Build.0 = Release|Any CPU
		{5C5F000B-B92E-4F44-BEEA-588B648A271E}.Debug|Any CPU.ActiveCfg = Debug|Any CPU
		{5C5F000B-B92E-4F44-BEEA-588B648A271E}.Debug|Any CPU.Build.0 = Debug|Any CPU
		{5C5F000B-B92E-4F44-BEEA-588B648A271E}.Release|Any CPU.ActiveCfg = Release|Any CPU
		{5C5F000B-B92E-4F44-BEEA-588B648A271E}.Release|Any CPU.Build.0 = Release|Any CPU
		{CD859314-3756-40E2-9182-3365736DFDA3}.Debug|Any CPU.ActiveCfg = Debug|Any CPU
		{CD859314-3756-40E2-9182-3365736DFDA3}.Debug|Any CPU.Build.0 = Debug|Any CPU
		{CD859314-3756-40E2-9182-3365736DFDA3}.Release|Any CPU.ActiveCfg = Release|Any CPU
		{CD859314-3756-40E2-9182-3365736DFDA3}.Release|Any CPU.Build.0 = Release|Any CPU
		{49AAD2E6-14B6-4B41-B6D2-45CB27D52BCF}.Debug|Any CPU.ActiveCfg = Debug|Any CPU
		{49AAD2E6-14B6-4B41-B6D2-45CB27D52BCF}.Debug|Any CPU.Build.0 = Debug|Any CPU
		{49AAD2E6-14B6-4B41-B6D2-45CB27D52BCF}.Release|Any CPU.ActiveCfg = Release|Any CPU
		{49AAD2E6-14B6-4B41-B6D2-45CB27D52BCF}.Release|Any CPU.Build.0 = Release|Any CPU
	EndGlobalSection
	GlobalSection(SolutionProperties) = preSolution
		HideSolutionNode = FALSE
	EndGlobalSection
EndGlobal
