
Microsoft Visual Studio Solution File, Format Version 12.00
# Visual Studio 2013
VisualStudioVersion = 12.0.21005.1
MinimumVisualStudioVersion = 10.0.40219.1
Project("{FAE04EC0-301F-11D3-BF4B-00C04F79EFBC}") = "01.School.Common", "01.School.Common\01.School.Common.csproj", "{B6C06040-9FF2-48C1-BCDD-B7BB6CF42AD2}"
EndProject
Project("{FAE04EC0-301F-11D3-BF4B-00C04F79EFBC}") = "01.SchoolExample", "01.SchoolExample\01.SchoolExample.csproj", "{5111BC85-1E05-43F3-99B6-EF58B85CE924}"
EndProject
Project("{FAE04EC0-301F-11D3-BF4B-00C04F79EFBC}") = "02.Human", "02.Human\02.Human.csproj", "{6C6EDB44-8A53-4247-9137-FDA05837F111}"
EndProject
Project("{FAE04EC0-301F-11D3-BF4B-00C04F79EFBC}") = "03.Animals", "03.Animals\03.Animals.csproj", "{90AC46AC-CADF-4F6E-A8BB-6F27284FCBC8}"
EndProject
Global
	GlobalSection(SolutionConfigurationPlatforms) = preSolution
		Debug|Any CPU = Debug|Any CPU
		Release|Any CPU = Release|Any CPU
	EndGlobalSection
	GlobalSection(ProjectConfigurationPlatforms) = postSolution
		{B6C06040-9FF2-48C1-BCDD-B7BB6CF42AD2}.Debug|Any CPU.ActiveCfg = Debug|Any CPU
		{B6C06040-9FF2-48C1-BCDD-B7BB6CF42AD2}.Debug|Any CPU.Build.0 = Debug|Any CPU
		{B6C06040-9FF2-48C1-BCDD-B7BB6CF42AD2}.Release|Any CPU.ActiveCfg = Release|Any CPU
		{B6C06040-9FF2-48C1-BCDD-B7BB6CF42AD2}.Release|Any CPU.Build.0 = Release|Any CPU
		{5111BC85-1E05-43F3-99B6-EF58B85CE924}.Debug|Any CPU.ActiveCfg = Debug|Any CPU
		{5111BC85-1E05-43F3-99B6-EF58B85CE924}.Debug|Any CPU.Build.0 = Debug|Any CPU
		{5111BC85-1E05-43F3-99B6-EF58B85CE924}.Release|Any CPU.ActiveCfg = Release|Any CPU
		{5111BC85-1E05-43F3-99B6-EF58B85CE924}.Release|Any CPU.Build.0 = Release|Any CPU
		{6C6EDB44-8A53-4247-9137-FDA05837F111}.Debug|Any CPU.ActiveCfg = Debug|Any CPU
		{6C6EDB44-8A53-4247-9137-FDA05837F111}.Debug|Any CPU.Build.0 = Debug|Any CPU
		{6C6EDB44-8A53-4247-9137-FDA05837F111}.Release|Any CPU.ActiveCfg = Release|Any CPU
		{6C6EDB44-8A53-4247-9137-FDA05837F111}.Release|Any CPU.Build.0 = Release|Any CPU
		{90AC46AC-CADF-4F6E-A8BB-6F27284FCBC8}.Debug|Any CPU.ActiveCfg = Debug|Any CPU
		{90AC46AC-CADF-4F6E-A8BB-6F27284FCBC8}.Debug|Any CPU.Build.0 = Debug|Any CPU
		{90AC46AC-CADF-4F6E-A8BB-6F27284FCBC8}.Release|Any CPU.ActiveCfg = Release|Any CPU
		{90AC46AC-CADF-4F6E-A8BB-6F27284FCBC8}.Release|Any CPU.Build.0 = Release|Any CPU
	EndGlobalSection
	GlobalSection(SolutionProperties) = preSolution
		HideSolutionNode = FALSE
	EndGlobalSection
EndGlobal
