
Microsoft Visual Studio Solution File, Format Version 12.00
# Visual Studio 2013
VisualStudioVersion = 12.0.21005.1
MinimumVisualStudioVersion = 10.0.40219.1
Project("{FAE04EC0-301F-11D3-BF4B-00C04F79EFBC}") = "01.WebForm", "01.WebForm\01.WebForm.csproj", "{582C34E5-9CA4-4C3B-A658-92145CBD540F}"
EndProject
Project("{FAE04EC0-301F-11D3-BF4B-00C04F79EFBC}") = "02.Students", "02.Students\02.Students.csproj", "{078DA5A0-5AD7-4336-8CFD-9C48532B0339}"
EndProject
Project("{FAE04EC0-301F-11D3-BF4B-00C04F79EFBC}") = "03.Laptops", "03.Laptops\03.Laptops.csproj", "{7419B49B-5215-4318-937A-C414C670A431}"
EndProject
Project("{FAE04EC0-301F-11D3-BF4B-00C04F79EFBC}") = "04.Grid", "04.Grid\04.Grid.csproj", "{20204631-C60B-403F-BD05-F0B4F0E77AA1}"
EndProject
Global
	GlobalSection(SolutionConfigurationPlatforms) = preSolution
		Debug|Any CPU = Debug|Any CPU
		Release|Any CPU = Release|Any CPU
	EndGlobalSection
	GlobalSection(ProjectConfigurationPlatforms) = postSolution
		{582C34E5-9CA4-4C3B-A658-92145CBD540F}.Debug|Any CPU.ActiveCfg = Debug|Any CPU
		{582C34E5-9CA4-4C3B-A658-92145CBD540F}.Debug|Any CPU.Build.0 = Debug|Any CPU
		{582C34E5-9CA4-4C3B-A658-92145CBD540F}.Release|Any CPU.ActiveCfg = Release|Any CPU
		{582C34E5-9CA4-4C3B-A658-92145CBD540F}.Release|Any CPU.Build.0 = Release|Any CPU
		{078DA5A0-5AD7-4336-8CFD-9C48532B0339}.Debug|Any CPU.ActiveCfg = Debug|Any CPU
		{078DA5A0-5AD7-4336-8CFD-9C48532B0339}.Debug|Any CPU.Build.0 = Debug|Any CPU
		{078DA5A0-5AD7-4336-8CFD-9C48532B0339}.Release|Any CPU.ActiveCfg = Release|Any CPU
		{078DA5A0-5AD7-4336-8CFD-9C48532B0339}.Release|Any CPU.Build.0 = Release|Any CPU
		{7419B49B-5215-4318-937A-C414C670A431}.Debug|Any CPU.ActiveCfg = Debug|Any CPU
		{7419B49B-5215-4318-937A-C414C670A431}.Debug|Any CPU.Build.0 = Debug|Any CPU
		{7419B49B-5215-4318-937A-C414C670A431}.Release|Any CPU.ActiveCfg = Release|Any CPU
		{7419B49B-5215-4318-937A-C414C670A431}.Release|Any CPU.Build.0 = Release|Any CPU
		{20204631-C60B-403F-BD05-F0B4F0E77AA1}.Debug|Any CPU.ActiveCfg = Debug|Any CPU
		{20204631-C60B-403F-BD05-F0B4F0E77AA1}.Debug|Any CPU.Build.0 = Debug|Any CPU
		{20204631-C60B-403F-BD05-F0B4F0E77AA1}.Release|Any CPU.ActiveCfg = Release|Any CPU
		{20204631-C60B-403F-BD05-F0B4F0E77AA1}.Release|Any CPU.Build.0 = Release|Any CPU
	EndGlobalSection
	GlobalSection(SolutionProperties) = preSolution
		HideSolutionNode = FALSE
	EndGlobalSection
EndGlobal
