
Microsoft Visual Studio Solution File, Format Version 12.00
# Visual Studio 2013
VisualStudioVersion = 12.0.21005.1
MinimumVisualStudioVersion = 10.0.40219.1
Project("{FAE04EC0-301F-11D3-BF4B-00C04F79EFBC}") = "Northwind.Models", "Northwind.Models\Northwind.Models.csproj", "{280E1482-36C9-481B-9A01-2370504C6B10}"
EndProject
Project("{FAE04EC0-301F-11D3-BF4B-00C04F79EFBC}") = "Northwind.DataAccess", "Northwind.DataAccess\Northwind.DataAccess.csproj", "{30A58F0D-AE1E-4A99-A820-3F630F0C354A}"
EndProject
Project("{FAE04EC0-301F-11D3-BF4B-00C04F79EFBC}") = "02.NorthwindAccessDemo", "02.NorthwindAccessDemo\02.NorthwindAccessDemo.csproj", "{100F2D07-D0CE-4EA0-B31D-A200B6AC3934}"
EndProject
Project("{FAE04EC0-301F-11D3-BF4B-00C04F79EFBC}") = "03.CustomersByOrder", "03.CustomersByOrder\03.CustomersByOrder.csproj", "{00378B77-C124-402C-A647-BFA7088CE7F1}"
EndProject
Project("{FAE04EC0-301F-11D3-BF4B-00C04F79EFBC}") = "04.CustomersByOrderSQL", "04.CustomersByOrderSQL\04.CustomersByOrderSQL.csproj", "{BE710CEA-89F6-470F-B6F1-F9D78A7DF59B}"
EndProject
Project("{FAE04EC0-301F-11D3-BF4B-00C04F79EFBC}") = "05.SalesByRegionAndYear", "05.SalesByRegionAndYear\05.SalesByRegionAndYear.csproj", "{F97F5E51-9095-4ED3-9BC0-8D4FB35620A2}"
EndProject
Project("{FAE04EC0-301F-11D3-BF4B-00C04F79EFBC}") = "06.NorthwindClone", "06.NorthwindClone\06.NorthwindClone.csproj", "{D5293C22-01E9-4F94-A912-315B8E1FBD79}"
EndProject
Project("{FAE04EC0-301F-11D3-BF4B-00C04F79EFBC}") = "08.EmployeeExtended", "08.EmployeeExtended\08.EmployeeExtended.csproj", "{9B803C6B-13A4-46A7-909C-EBFBA106642F}"
EndProject
Project("{FAE04EC0-301F-11D3-BF4B-00C04F79EFBC}") = "09.PlaceNewOrder", "09.PlaceNewOrder\09.PlaceNewOrder.csproj", "{0A47ED1F-F556-4932-8ECF-E5576C1F93AA}"
EndProject
Project("{FAE04EC0-301F-11D3-BF4B-00C04F79EFBC}") = "10.CreateStoredProcedure", "10.CreateStoredProcedure\10.CreateStoredProcedure.csproj", "{8A459EB8-EEE9-44DF-8A55-B1162C98ECCF}"
EndProject
Global
	GlobalSection(SolutionConfigurationPlatforms) = preSolution
		Debug|Any CPU = Debug|Any CPU
		Release|Any CPU = Release|Any CPU
	EndGlobalSection
	GlobalSection(ProjectConfigurationPlatforms) = postSolution
		{280E1482-36C9-481B-9A01-2370504C6B10}.Debug|Any CPU.ActiveCfg = Debug|Any CPU
		{280E1482-36C9-481B-9A01-2370504C6B10}.Debug|Any CPU.Build.0 = Debug|Any CPU
		{280E1482-36C9-481B-9A01-2370504C6B10}.Release|Any CPU.ActiveCfg = Release|Any CPU
		{280E1482-36C9-481B-9A01-2370504C6B10}.Release|Any CPU.Build.0 = Release|Any CPU
		{30A58F0D-AE1E-4A99-A820-3F630F0C354A}.Debug|Any CPU.ActiveCfg = Debug|Any CPU
		{30A58F0D-AE1E-4A99-A820-3F630F0C354A}.Debug|Any CPU.Build.0 = Debug|Any CPU
		{30A58F0D-AE1E-4A99-A820-3F630F0C354A}.Release|Any CPU.ActiveCfg = Release|Any CPU
		{30A58F0D-AE1E-4A99-A820-3F630F0C354A}.Release|Any CPU.Build.0 = Release|Any CPU
		{100F2D07-D0CE-4EA0-B31D-A200B6AC3934}.Debug|Any CPU.ActiveCfg = Debug|Any CPU
		{100F2D07-D0CE-4EA0-B31D-A200B6AC3934}.Debug|Any CPU.Build.0 = Debug|Any CPU
		{100F2D07-D0CE-4EA0-B31D-A200B6AC3934}.Release|Any CPU.ActiveCfg = Release|Any CPU
		{100F2D07-D0CE-4EA0-B31D-A200B6AC3934}.Release|Any CPU.Build.0 = Release|Any CPU
		{00378B77-C124-402C-A647-BFA7088CE7F1}.Debug|Any CPU.ActiveCfg = Debug|Any CPU
		{00378B77-C124-402C-A647-BFA7088CE7F1}.Debug|Any CPU.Build.0 = Debug|Any CPU
		{00378B77-C124-402C-A647-BFA7088CE7F1}.Release|Any CPU.ActiveCfg = Release|Any CPU
		{00378B77-C124-402C-A647-BFA7088CE7F1}.Release|Any CPU.Build.0 = Release|Any CPU
		{BE710CEA-89F6-470F-B6F1-F9D78A7DF59B}.Debug|Any CPU.ActiveCfg = Debug|Any CPU
		{BE710CEA-89F6-470F-B6F1-F9D78A7DF59B}.Debug|Any CPU.Build.0 = Debug|Any CPU
		{BE710CEA-89F6-470F-B6F1-F9D78A7DF59B}.Release|Any CPU.ActiveCfg = Release|Any CPU
		{BE710CEA-89F6-470F-B6F1-F9D78A7DF59B}.Release|Any CPU.Build.0 = Release|Any CPU
		{F97F5E51-9095-4ED3-9BC0-8D4FB35620A2}.Debug|Any CPU.ActiveCfg = Debug|Any CPU
		{F97F5E51-9095-4ED3-9BC0-8D4FB35620A2}.Debug|Any CPU.Build.0 = Debug|Any CPU
		{F97F5E51-9095-4ED3-9BC0-8D4FB35620A2}.Release|Any CPU.ActiveCfg = Release|Any CPU
		{F97F5E51-9095-4ED3-9BC0-8D4FB35620A2}.Release|Any CPU.Build.0 = Release|Any CPU
		{D5293C22-01E9-4F94-A912-315B8E1FBD79}.Debug|Any CPU.ActiveCfg = Debug|Any CPU
		{D5293C22-01E9-4F94-A912-315B8E1FBD79}.Debug|Any CPU.Build.0 = Debug|Any CPU
		{D5293C22-01E9-4F94-A912-315B8E1FBD79}.Release|Any CPU.ActiveCfg = Release|Any CPU
		{D5293C22-01E9-4F94-A912-315B8E1FBD79}.Release|Any CPU.Build.0 = Release|Any CPU
		{9B803C6B-13A4-46A7-909C-EBFBA106642F}.Debug|Any CPU.ActiveCfg = Debug|Any CPU
		{9B803C6B-13A4-46A7-909C-EBFBA106642F}.Debug|Any CPU.Build.0 = Debug|Any CPU
		{9B803C6B-13A4-46A7-909C-EBFBA106642F}.Release|Any CPU.ActiveCfg = Release|Any CPU
		{9B803C6B-13A4-46A7-909C-EBFBA106642F}.Release|Any CPU.Build.0 = Release|Any CPU
		{0A47ED1F-F556-4932-8ECF-E5576C1F93AA}.Debug|Any CPU.ActiveCfg = Debug|Any CPU
		{0A47ED1F-F556-4932-8ECF-E5576C1F93AA}.Debug|Any CPU.Build.0 = Debug|Any CPU
		{0A47ED1F-F556-4932-8ECF-E5576C1F93AA}.Release|Any CPU.ActiveCfg = Release|Any CPU
		{0A47ED1F-F556-4932-8ECF-E5576C1F93AA}.Release|Any CPU.Build.0 = Release|Any CPU
		{8A459EB8-EEE9-44DF-8A55-B1162C98ECCF}.Debug|Any CPU.ActiveCfg = Debug|Any CPU
		{8A459EB8-EEE9-44DF-8A55-B1162C98ECCF}.Debug|Any CPU.Build.0 = Debug|Any CPU
		{8A459EB8-EEE9-44DF-8A55-B1162C98ECCF}.Release|Any CPU.ActiveCfg = Release|Any CPU
		{8A459EB8-EEE9-44DF-8A55-B1162C98ECCF}.Release|Any CPU.Build.0 = Release|Any CPU
	EndGlobalSection
	GlobalSection(SolutionProperties) = preSolution
		HideSolutionNode = FALSE
	EndGlobalSection
EndGlobal
