
Microsoft Visual Studio Solution File, Format Version 12.00
# Visual Studio 2013
VisualStudioVersion = 12.0.21005.1
MinimumVisualStudioVersion = 10.0.40219.1
Project("{FAE04EC0-301F-11D3-BF4B-00C04F79EFBC}") = "01.StudentCourses", "01.StudentCourses\01.StudentCourses.csproj", "{9D1867A9-DE6D-484F-A1FB-F9962896A8BE}"
EndProject
Project("{FAE04EC0-301F-11D3-BF4B-00C04F79EFBC}") = "02.ProductsInPriceRange", "02.ProductsInPriceRange\02.ProductsInPriceRange.csproj", "{AAEA7188-DEB9-4B85-B2B7-74129E78401F}"
EndProject
Project("{FAE04EC0-301F-11D3-BF4B-00C04F79EFBC}") = "03.BiDictionary", "03.BiDictionary\03.BiDictionary.csproj", "{AD24C16B-6D2F-4130-AB73-72F767518928}"
EndProject
Global
	GlobalSection(SolutionConfigurationPlatforms) = preSolution
		Debug|Any CPU = Debug|Any CPU
		Release|Any CPU = Release|Any CPU
	EndGlobalSection
	GlobalSection(ProjectConfigurationPlatforms) = postSolution
		{9D1867A9-DE6D-484F-A1FB-F9962896A8BE}.Debug|Any CPU.ActiveCfg = Debug|Any CPU
		{9D1867A9-DE6D-484F-A1FB-F9962896A8BE}.Debug|Any CPU.Build.0 = Debug|Any CPU
		{9D1867A9-DE6D-484F-A1FB-F9962896A8BE}.Release|Any CPU.ActiveCfg = Release|Any CPU
		{9D1867A9-DE6D-484F-A1FB-F9962896A8BE}.Release|Any CPU.Build.0 = Release|Any CPU
		{AAEA7188-DEB9-4B85-B2B7-74129E78401F}.Debug|Any CPU.ActiveCfg = Debug|Any CPU
		{AAEA7188-DEB9-4B85-B2B7-74129E78401F}.Debug|Any CPU.Build.0 = Debug|Any CPU
		{AAEA7188-DEB9-4B85-B2B7-74129E78401F}.Release|Any CPU.ActiveCfg = Release|Any CPU
		{AAEA7188-DEB9-4B85-B2B7-74129E78401F}.Release|Any CPU.Build.0 = Release|Any CPU
		{AD24C16B-6D2F-4130-AB73-72F767518928}.Debug|Any CPU.ActiveCfg = Debug|Any CPU
		{AD24C16B-6D2F-4130-AB73-72F767518928}.Debug|Any CPU.Build.0 = Debug|Any CPU
		{AD24C16B-6D2F-4130-AB73-72F767518928}.Release|Any CPU.ActiveCfg = Release|Any CPU
		{AD24C16B-6D2F-4130-AB73-72F767518928}.Release|Any CPU.Build.0 = Release|Any CPU
	EndGlobalSection
	GlobalSection(SolutionProperties) = preSolution
		HideSolutionNode = FALSE
	EndGlobalSection
EndGlobal
