
Microsoft Visual Studio Solution File, Format Version 12.00
# Visual Studio 2013
VisualStudioVersion = 12.0.21005.1
MinimumVisualStudioVersion = 10.0.40219.1
Project("{FAE04EC0-301F-11D3-BF4B-00C04F79EFBC}") = "DateTimeConverter.Service", "DateTimeConverter.Service\DateTimeConverter.Service.csproj", "{589A29F6-316B-44CD-94CB-2B8E9F5296D3}"
EndProject
Project("{FAE04EC0-301F-11D3-BF4B-00C04F79EFBC}") = "DateTimeConverter.Client", "DateTimeConverter.Client\DateTimeConverter.Client.csproj", "{143B28B7-AC80-4684-B8AF-F06398DC26F4}"
	ProjectSection(ProjectDependencies) = postProject
		{589A29F6-316B-44CD-94CB-2B8E9F5296D3} = {589A29F6-316B-44CD-94CB-2B8E9F5296D3}
	EndProjectSection
EndProject
Project("{FAE04EC0-301F-11D3-BF4B-00C04F79EFBC}") = "SubstringCounter.Service", "SubstringCounter.Service\SubstringCounter.Service.csproj", "{990A5573-3ABD-427A-B199-5DEA5FE35B0B}"
EndProject
Project("{FAE04EC0-301F-11D3-BF4B-00C04F79EFBC}") = "SubstringCounter.Client", "SubstringCounter.Client\SubstringCounter.Client.csproj", "{0408B908-76A4-45AB-A8B6-9EBA9F912119}"
	ProjectSection(ProjectDependencies) = postProject
		{990A5573-3ABD-427A-B199-5DEA5FE35B0B} = {990A5573-3ABD-427A-B199-5DEA5FE35B0B}
	EndProjectSection
EndProject
Global
	GlobalSection(SolutionConfigurationPlatforms) = preSolution
		Debug|Any CPU = Debug|Any CPU
		Release|Any CPU = Release|Any CPU
	EndGlobalSection
	GlobalSection(ProjectConfigurationPlatforms) = postSolution
		{589A29F6-316B-44CD-94CB-2B8E9F5296D3}.Debug|Any CPU.ActiveCfg = Debug|Any CPU
		{589A29F6-316B-44CD-94CB-2B8E9F5296D3}.Debug|Any CPU.Build.0 = Debug|Any CPU
		{589A29F6-316B-44CD-94CB-2B8E9F5296D3}.Release|Any CPU.ActiveCfg = Release|Any CPU
		{589A29F6-316B-44CD-94CB-2B8E9F5296D3}.Release|Any CPU.Build.0 = Release|Any CPU
		{143B28B7-AC80-4684-B8AF-F06398DC26F4}.Debug|Any CPU.ActiveCfg = Debug|Any CPU
		{143B28B7-AC80-4684-B8AF-F06398DC26F4}.Debug|Any CPU.Build.0 = Debug|Any CPU
		{143B28B7-AC80-4684-B8AF-F06398DC26F4}.Release|Any CPU.ActiveCfg = Release|Any CPU
		{143B28B7-AC80-4684-B8AF-F06398DC26F4}.Release|Any CPU.Build.0 = Release|Any CPU
		{990A5573-3ABD-427A-B199-5DEA5FE35B0B}.Debug|Any CPU.ActiveCfg = Debug|Any CPU
		{990A5573-3ABD-427A-B199-5DEA5FE35B0B}.Debug|Any CPU.Build.0 = Debug|Any CPU
		{990A5573-3ABD-427A-B199-5DEA5FE35B0B}.Release|Any CPU.ActiveCfg = Release|Any CPU
		{990A5573-3ABD-427A-B199-5DEA5FE35B0B}.Release|Any CPU.Build.0 = Release|Any CPU
		{0408B908-76A4-45AB-A8B6-9EBA9F912119}.Debug|Any CPU.ActiveCfg = Debug|Any CPU
		{0408B908-76A4-45AB-A8B6-9EBA9F912119}.Debug|Any CPU.Build.0 = Debug|Any CPU
		{0408B908-76A4-45AB-A8B6-9EBA9F912119}.Release|Any CPU.ActiveCfg = Release|Any CPU
		{0408B908-76A4-45AB-A8B6-9EBA9F912119}.Release|Any CPU.Build.0 = Release|Any CPU
	EndGlobalSection
	GlobalSection(SolutionProperties) = preSolution
		HideSolutionNode = FALSE
	EndGlobalSection
EndGlobal
