
Microsoft Visual Studio Solution File, Format Version 12.00
# Visual Studio 2013
VisualStudioVersion = 12.0.21005.1
MinimumVisualStudioVersion = 10.0.40219.1
Project("{FAE04EC0-301F-11D3-BF4B-00C04F79EFBC}") = "Hangman-1", "Hangman-1\Hangman-1.csproj", "{DB425E55-A0C2-4BE1-9BEA-91E247551996}"
EndProject
Project("{FAE04EC0-301F-11D3-BF4B-00C04F79EFBC}") = "Hangman-2", "Hangman-2\Hangman-2.csproj", "{E99DABA4-8A41-4B06-9AB7-D9D94A5067DF}"
EndProject
Project("{FAE04EC0-301F-11D3-BF4B-00C04F79EFBC}") = "Hangman-3", "Hangman-3\Hangman-3.csproj", "{530F3BEA-BEB1-4392-AF32-47DFA4305BB9}"
EndProject
Project("{FAE04EC0-301F-11D3-BF4B-00C04F79EFBC}") = "Hangman-4", "Hangman-4\Hangman-4.csproj", "{7F4D79EF-2368-42AC-805E-6432CD25056F}"
EndProject
Project("{FAE04EC0-301F-11D3-BF4B-00C04F79EFBC}") = "Hangman-5", "Hangman-5\Hangman-5.csproj", "{55078FB1-590F-4683-9B7D-ABF5E02F81BF}"
EndProject
Project("{FAE04EC0-301F-11D3-BF4B-00C04F79EFBC}") = "Hangman-6", "Hangman-6\Hangman-6.csproj", "{53773CE9-1777-4A2F-AF7F-6959F0063371}"
EndProject
Project("{FAE04EC0-301F-11D3-BF4B-00C04F79EFBC}") = "Hangman-7", "Hangman-7\Hangman-7.csproj", "{1E443757-255A-4A0A-8D0F-B44DEEF806B6}"
EndProject
Global
	GlobalSection(SolutionConfigurationPlatforms) = preSolution
		Debug|x86 = Debug|x86
		Release|x86 = Release|x86
	EndGlobalSection
	GlobalSection(ProjectConfigurationPlatforms) = postSolution
		{DB425E55-A0C2-4BE1-9BEA-91E247551996}.Debug|x86.ActiveCfg = Debug|x86
		{DB425E55-A0C2-4BE1-9BEA-91E247551996}.Debug|x86.Build.0 = Debug|x86
		{DB425E55-A0C2-4BE1-9BEA-91E247551996}.Release|x86.ActiveCfg = Release|x86
		{DB425E55-A0C2-4BE1-9BEA-91E247551996}.Release|x86.Build.0 = Release|x86
		{E99DABA4-8A41-4B06-9AB7-D9D94A5067DF}.Debug|x86.ActiveCfg = Debug|x86
		{E99DABA4-8A41-4B06-9AB7-D9D94A5067DF}.Debug|x86.Build.0 = Debug|x86
		{E99DABA4-8A41-4B06-9AB7-D9D94A5067DF}.Release|x86.ActiveCfg = Release|x86
		{E99DABA4-8A41-4B06-9AB7-D9D94A5067DF}.Release|x86.Build.0 = Release|x86
		{530F3BEA-BEB1-4392-AF32-47DFA4305BB9}.Debug|x86.ActiveCfg = Debug|x86
		{530F3BEA-BEB1-4392-AF32-47DFA4305BB9}.Debug|x86.Build.0 = Debug|x86
		{530F3BEA-BEB1-4392-AF32-47DFA4305BB9}.Release|x86.ActiveCfg = Release|x86
		{530F3BEA-BEB1-4392-AF32-47DFA4305BB9}.Release|x86.Build.0 = Release|x86
		{7F4D79EF-2368-42AC-805E-6432CD25056F}.Debug|x86.ActiveCfg = Debug|x86
		{7F4D79EF-2368-42AC-805E-6432CD25056F}.Debug|x86.Build.0 = Debug|x86
		{7F4D79EF-2368-42AC-805E-6432CD25056F}.Release|x86.ActiveCfg = Release|x86
		{7F4D79EF-2368-42AC-805E-6432CD25056F}.Release|x86.Build.0 = Release|x86
		{55078FB1-590F-4683-9B7D-ABF5E02F81BF}.Debug|x86.ActiveCfg = Debug|x86
		{55078FB1-590F-4683-9B7D-ABF5E02F81BF}.Debug|x86.Build.0 = Debug|x86
		{55078FB1-590F-4683-9B7D-ABF5E02F81BF}.Release|x86.ActiveCfg = Release|x86
		{55078FB1-590F-4683-9B7D-ABF5E02F81BF}.Release|x86.Build.0 = Release|x86
		{53773CE9-1777-4A2F-AF7F-6959F0063371}.Debug|x86.ActiveCfg = Debug|x86
		{53773CE9-1777-4A2F-AF7F-6959F0063371}.Debug|x86.Build.0 = Debug|x86
		{53773CE9-1777-4A2F-AF7F-6959F0063371}.Release|x86.ActiveCfg = Release|x86
		{53773CE9-1777-4A2F-AF7F-6959F0063371}.Release|x86.Build.0 = Release|x86
		{1E443757-255A-4A0A-8D0F-B44DEEF806B6}.Debug|x86.ActiveCfg = Debug|x86
		{1E443757-255A-4A0A-8D0F-B44DEEF806B6}.Debug|x86.Build.0 = Debug|x86
		{1E443757-255A-4A0A-8D0F-B44DEEF806B6}.Release|x86.ActiveCfg = Release|x86
		{1E443757-255A-4A0A-8D0F-B44DEEF806B6}.Release|x86.Build.0 = Release|x86
	EndGlobalSection
	GlobalSection(SolutionProperties) = preSolution
		HideSolutionNode = FALSE
	EndGlobalSection
EndGlobal
