
Microsoft Visual Studio Solution File, Format Version 12.00
# Visual Studio 2013
VisualStudioVersion = 12.0.30723.0
MinimumVisualStudioVersion = 10.0.40219.1
Project("{FAE04EC0-301F-11D3-BF4B-00C04F79EFBC}") = "Articles.WebAPI", "Articles.WebAPI\Articles.WebAPI.csproj", "{B1775D1C-E6F3-42A9-913A-0941AA587AF2}"
EndProject
Project("{FAE04EC0-301F-11D3-BF4B-00C04F79EFBC}") = "Articles.Models", "Articles.Models\Articles.Models.csproj", "{4FF3348D-4EB0-47A1-9EE8-0B9EB4B6552B}"
EndProject
Project("{FAE04EC0-301F-11D3-BF4B-00C04F79EFBC}") = "Articles.Data", "Articles.Data\Articles.Data.csproj", "{599FDE96-F00F-44C9-A3EC-0CBB381EDD5E}"
EndProject
Project("{FAE04EC0-301F-11D3-BF4B-00C04F79EFBC}") = "Articles.WCF", "Articles.WCF\Articles.WCF.csproj", "{EFDD0896-9721-455F-99DC-8AFD49498205}"
EndProject
Project("{FAE04EC0-301F-11D3-BF4B-00C04F79EFBC}") = "Articles.Tests", "Articles.Tests\Articles.Tests.csproj", "{39CD49F4-48BD-48D2-BB2C-95EB6B2DE6DE}"
EndProject
Global
	GlobalSection(SolutionConfigurationPlatforms) = preSolution
		Debug|Any CPU = Debug|Any CPU
		Release|Any CPU = Release|Any CPU
	EndGlobalSection
	GlobalSection(ProjectConfigurationPlatforms) = postSolution
		{B1775D1C-E6F3-42A9-913A-0941AA587AF2}.Debug|Any CPU.ActiveCfg = Debug|Any CPU
		{B1775D1C-E6F3-42A9-913A-0941AA587AF2}.Debug|Any CPU.Build.0 = Debug|Any CPU
		{B1775D1C-E6F3-42A9-913A-0941AA587AF2}.Release|Any CPU.ActiveCfg = Release|Any CPU
		{B1775D1C-E6F3-42A9-913A-0941AA587AF2}.Release|Any CPU.Build.0 = Release|Any CPU
		{4FF3348D-4EB0-47A1-9EE8-0B9EB4B6552B}.Debug|Any CPU.ActiveCfg = Debug|Any CPU
		{4FF3348D-4EB0-47A1-9EE8-0B9EB4B6552B}.Debug|Any CPU.Build.0 = Debug|Any CPU
		{4FF3348D-4EB0-47A1-9EE8-0B9EB4B6552B}.Release|Any CPU.ActiveCfg = Release|Any CPU
		{4FF3348D-4EB0-47A1-9EE8-0B9EB4B6552B}.Release|Any CPU.Build.0 = Release|Any CPU
		{599FDE96-F00F-44C9-A3EC-0CBB381EDD5E}.Debug|Any CPU.ActiveCfg = Debug|Any CPU
		{599FDE96-F00F-44C9-A3EC-0CBB381EDD5E}.Debug|Any CPU.Build.0 = Debug|Any CPU
		{599FDE96-F00F-44C9-A3EC-0CBB381EDD5E}.Release|Any CPU.ActiveCfg = Release|Any CPU
		{599FDE96-F00F-44C9-A3EC-0CBB381EDD5E}.Release|Any CPU.Build.0 = Release|Any CPU
		{EFDD0896-9721-455F-99DC-8AFD49498205}.Debug|Any CPU.ActiveCfg = Debug|Any CPU
		{EFDD0896-9721-455F-99DC-8AFD49498205}.Debug|Any CPU.Build.0 = Debug|Any CPU
		{EFDD0896-9721-455F-99DC-8AFD49498205}.Release|Any CPU.ActiveCfg = Release|Any CPU
		{EFDD0896-9721-455F-99DC-8AFD49498205}.Release|Any CPU.Build.0 = Release|Any CPU
		{39CD49F4-48BD-48D2-BB2C-95EB6B2DE6DE}.Debug|Any CPU.ActiveCfg = Debug|Any CPU
		{39CD49F4-48BD-48D2-BB2C-95EB6B2DE6DE}.Debug|Any CPU.Build.0 = Debug|Any CPU
		{39CD49F4-48BD-48D2-BB2C-95EB6B2DE6DE}.Release|Any CPU.ActiveCfg = Release|Any CPU
		{39CD49F4-48BD-48D2-BB2C-95EB6B2DE6DE}.Release|Any CPU.Build.0 = Release|Any CPU
	EndGlobalSection
	GlobalSection(SolutionProperties) = preSolution
		HideSolutionNode = FALSE
	EndGlobalSection
EndGlobal
