
Microsoft Visual Studio Solution File, Format Version 12.00
# Visual Studio 2013
VisualStudioVersion = 12.0.21005.1
MinimumVisualStudioVersion = 10.0.40219.1
Project("{FAE04EC0-301F-11D3-BF4B-00C04F79EFBC}") = "MatrixRotatingWalk", "MatrixRotatingWalk\MatrixRotatingWalk.csproj", "{5B7BAF18-E08E-41D9-9242-D44437093ACA}"
EndProject
Project("{FAE04EC0-301F-11D3-BF4B-00C04F79EFBC}") = "MatrixRotatingWalk.Tests", "MatrixRotatingWalk.Tests\MatrixRotatingWalk.Tests.csproj", "{77D796D7-D0C5-42C1-926B-2DFF336E5BC3}"
EndProject
Global
	GlobalSection(SolutionConfigurationPlatforms) = preSolution
		Debug|Any CPU = Debug|Any CPU
		Release|Any CPU = Release|Any CPU
	EndGlobalSection
	GlobalSection(ProjectConfigurationPlatforms) = postSolution
		{5B7BAF18-E08E-41D9-9242-D44437093ACA}.Debug|Any CPU.ActiveCfg = Debug|Any CPU
		{5B7BAF18-E08E-41D9-9242-D44437093ACA}.Debug|Any CPU.Build.0 = Debug|Any CPU
		{5B7BAF18-E08E-41D9-9242-D44437093ACA}.Release|Any CPU.ActiveCfg = Release|Any CPU
		{5B7BAF18-E08E-41D9-9242-D44437093ACA}.Release|Any CPU.Build.0 = Release|Any CPU
		{77D796D7-D0C5-42C1-926B-2DFF336E5BC3}.Debug|Any CPU.ActiveCfg = Debug|Any CPU
		{77D796D7-D0C5-42C1-926B-2DFF336E5BC3}.Debug|Any CPU.Build.0 = Debug|Any CPU
		{77D796D7-D0C5-42C1-926B-2DFF336E5BC3}.Release|Any CPU.ActiveCfg = Release|Any CPU
		{77D796D7-D0C5-42C1-926B-2DFF336E5BC3}.Release|Any CPU.Build.0 = Release|Any CPU
	EndGlobalSection
	GlobalSection(SolutionProperties) = preSolution
		HideSolutionNode = FALSE
	EndGlobalSection
EndGlobal
