
Microsoft Visual Studio Solution File, Format Version 12.00
# Visual Studio 2013
VisualStudioVersion = 12.0.21005.1
MinimumVisualStudioVersion = 10.0.40219.1
Project("{FAE04EC0-301F-11D3-BF4B-00C04F79EFBC}") = "Baloons-Pop-1", "Baloons-Pop-1\Baloons-Pop-1.csproj", "{8940EF8B-A71D-4F14-8888-1AAE9ACEFDC6}"
EndProject
Project("{FAE04EC0-301F-11D3-BF4B-00C04F79EFBC}") = "Baloons-Pop-2", "Baloons-Pop-2\Baloons-Pop-2.csproj", "{879F0DFF-4285-4F45-A9B1-205D1F76F3D9}"
EndProject
Project("{FAE04EC0-301F-11D3-BF4B-00C04F79EFBC}") = "Baloons-Pop-3", "Baloons-Pop-3\Baloons-Pop-3.csproj", "{A1269EF5-33BD-4CAA-927A-AFA7C821B940}"
EndProject
Project("{FAE04EC0-301F-11D3-BF4B-00C04F79EFBC}") = "Baloons-Pop-4", "Baloons-Pop-4\Baloons-Pop-4.csproj", "{3B262708-74F1-4794-8F0C-C96EB718A8A2}"
EndProject
Project("{FAE04EC0-301F-11D3-BF4B-00C04F79EFBC}") = "Baloons-Pop-5", "Baloons-Pop-5\Baloons-Pop-5.csproj", "{4BA795BD-289B-48D1-980E-6F955E77F23B}"
EndProject
Project("{FAE04EC0-301F-11D3-BF4B-00C04F79EFBC}") = "Baloons-Pop-6", "Baloons-Pop-6\Baloons-Pop-6.csproj", "{B299E5C4-2AAD-48CC-B0DD-2D7CE5A482D6}"
EndProject
Project("{FAE04EC0-301F-11D3-BF4B-00C04F79EFBC}") = "Baloons-Pop-7", "Baloons-Pop-7\Baloons-Pop-7.csproj", "{AAC7E0CC-D1D7-4DAD-9FD2-690453B2274C}"
EndProject
Global
	GlobalSection(SolutionConfigurationPlatforms) = preSolution
		Debug|x86 = Debug|x86
		Release|x86 = Release|x86
	EndGlobalSection
	GlobalSection(ProjectConfigurationPlatforms) = postSolution
		{8940EF8B-A71D-4F14-8888-1AAE9ACEFDC6}.Debug|x86.ActiveCfg = Debug|x86
		{8940EF8B-A71D-4F14-8888-1AAE9ACEFDC6}.Debug|x86.Build.0 = Debug|x86
		{8940EF8B-A71D-4F14-8888-1AAE9ACEFDC6}.Release|x86.ActiveCfg = Release|x86
		{8940EF8B-A71D-4F14-8888-1AAE9ACEFDC6}.Release|x86.Build.0 = Release|x86
		{879F0DFF-4285-4F45-A9B1-205D1F76F3D9}.Debug|x86.ActiveCfg = Debug|x86
		{879F0DFF-4285-4F45-A9B1-205D1F76F3D9}.Debug|x86.Build.0 = Debug|x86
		{879F0DFF-4285-4F45-A9B1-205D1F76F3D9}.Release|x86.ActiveCfg = Release|x86
		{879F0DFF-4285-4F45-A9B1-205D1F76F3D9}.Release|x86.Build.0 = Release|x86
		{A1269EF5-33BD-4CAA-927A-AFA7C821B940}.Debug|x86.ActiveCfg = Debug|x86
		{A1269EF5-33BD-4CAA-927A-AFA7C821B940}.Debug|x86.Build.0 = Debug|x86
		{A1269EF5-33BD-4CAA-927A-AFA7C821B940}.Release|x86.ActiveCfg = Release|x86
		{A1269EF5-33BD-4CAA-927A-AFA7C821B940}.Release|x86.Build.0 = Release|x86
		{3B262708-74F1-4794-8F0C-C96EB718A8A2}.Debug|x86.ActiveCfg = Debug|x86
		{3B262708-74F1-4794-8F0C-C96EB718A8A2}.Debug|x86.Build.0 = Debug|x86
		{3B262708-74F1-4794-8F0C-C96EB718A8A2}.Release|x86.ActiveCfg = Release|x86
		{3B262708-74F1-4794-8F0C-C96EB718A8A2}.Release|x86.Build.0 = Release|x86
		{4BA795BD-289B-48D1-980E-6F955E77F23B}.Debug|x86.ActiveCfg = Debug|x86
		{4BA795BD-289B-48D1-980E-6F955E77F23B}.Debug|x86.Build.0 = Debug|x86
		{4BA795BD-289B-48D1-980E-6F955E77F23B}.Release|x86.ActiveCfg = Release|x86
		{4BA795BD-289B-48D1-980E-6F955E77F23B}.Release|x86.Build.0 = Release|x86
		{B299E5C4-2AAD-48CC-B0DD-2D7CE5A482D6}.Debug|x86.ActiveCfg = Debug|x86
		{B299E5C4-2AAD-48CC-B0DD-2D7CE5A482D6}.Debug|x86.Build.0 = Debug|x86
		{B299E5C4-2AAD-48CC-B0DD-2D7CE5A482D6}.Release|x86.ActiveCfg = Release|x86
		{B299E5C4-2AAD-48CC-B0DD-2D7CE5A482D6}.Release|x86.Build.0 = Release|x86
		{AAC7E0CC-D1D7-4DAD-9FD2-690453B2274C}.Debug|x86.ActiveCfg = Debug|x86
		{AAC7E0CC-D1D7-4DAD-9FD2-690453B2274C}.Debug|x86.Build.0 = Debug|x86
		{AAC7E0CC-D1D7-4DAD-9FD2-690453B2274C}.Release|x86.ActiveCfg = Release|x86
		{AAC7E0CC-D1D7-4DAD-9FD2-690453B2274C}.Release|x86.Build.0 = Release|x86
	EndGlobalSection
	GlobalSection(SolutionProperties) = preSolution
		HideSolutionNode = FALSE
	EndGlobalSection
EndGlobal
